
Microsoft Visual Studio Solution File, Format Version 12.00
# Visual Studio Version 17
VisualStudioVersion = 17.4.33103.184
MinimumVisualStudioVersion = 10.0.40219.1
Project("{2150E333-8FDC-42A3-9474-1A3956D46DE8}") = "Structural", "Structural", "{9E1F7AB9-D34C-4CEC-A84D-C219C34BB5D4}"
EndProject
Project("{9A19103F-16F7-4668-BE54-9A1E7A4F7556}") = "DesignPatterns.Facade", "DesignPatterns.Facade\DesignPatterns.Facade.csproj", "{F08A935C-DE27-4824-8A31-8A326565F069}"
EndProject
Project("{FAE04EC0-301F-11D3-BF4B-00C04F79EFBC}") = "DesignPatterns.Flyweight", "DesignPatterns.Flyweight\DesignPatterns.Flyweight.csproj", "{669E0E1F-8250-4E5B-9181-DB6D39501760}"
EndProject
Global
	GlobalSection(SolutionConfigurationPlatforms) = preSolution
		Debug|Any CPU = Debug|Any CPU
		Release|Any CPU = Release|Any CPU
	EndGlobalSection
	GlobalSection(ProjectConfigurationPlatforms) = postSolution
		{F08A935C-DE27-4824-8A31-8A326565F069}.Debug|Any CPU.ActiveCfg = Debug|Any CPU
		{F08A935C-DE27-4824-8A31-8A326565F069}.Debug|Any CPU.Build.0 = Debug|Any CPU
		{F08A935C-DE27-4824-8A31-8A326565F069}.Release|Any CPU.ActiveCfg = Release|Any CPU
		{F08A935C-DE27-4824-8A31-8A326565F069}.Release|Any CPU.Build.0 = Release|Any CPU
		{669E0E1F-8250-4E5B-9181-DB6D39501760}.Debug|Any CPU.ActiveCfg = Debug|Any CPU
		{669E0E1F-8250-4E5B-9181-DB6D39501760}.Debug|Any CPU.Build.0 = Debug|Any CPU
		{669E0E1F-8250-4E5B-9181-DB6D39501760}.Release|Any CPU.ActiveCfg = Release|Any CPU
		{669E0E1F-8250-4E5B-9181-DB6D39501760}.Release|Any CPU.Build.0 = Release|Any CPU
	EndGlobalSection
	GlobalSection(SolutionProperties) = preSolution
		HideSolutionNode = FALSE
	EndGlobalSection
	GlobalSection(NestedProjects) = preSolution
		{F08A935C-DE27-4824-8A31-8A326565F069} = {9E1F7AB9-D34C-4CEC-A84D-C219C34BB5D4}
		{669E0E1F-8250-4E5B-9181-DB6D39501760} = {9E1F7AB9-D34C-4CEC-A84D-C219C34BB5D4}
	EndGlobalSection
	GlobalSection(ExtensibilityGlobals) = postSolution
		SolutionGuid = {3605BB8D-52CB-4278-9F70-BA7E9E227D4A}
	EndGlobalSection
EndGlobal
